
Microsoft Visual Studio Solution File, Format Version 12.00
# Visual Studio 15
VisualStudioVersion = 15.0.26730.8
MinimumVisualStudioVersion = 10.0.40219.1
Project("{2150E333-8FDC-42A3-9474-1A3956D46DE8}") = "Solution Items", "Solution Items", "{7C9F751D-25CD-4A19-838B-B69E7B897468}"
	ProjectSection(SolutionItems) = preProject
		.gitignore = .gitignore
		appveyor.yml = appveyor.yml
		NuGet.config = NuGet.config
		RepositoryInfo.xml = RepositoryInfo.xml
		Common\Shared.props = Common\Shared.props
		Common\SharedKey.snk = Common\SharedKey.snk
	EndProjectSection
EndProject
Project("{2150E333-8FDC-42A3-9474-1A3956D46DE8}") = "Tests", "Tests", "{1A7E3E39-6483-4802-8B27-C4D245D35D09}"
EndProject
Project("{9A19103F-16F7-4668-BE54-9A1E7A4F7556}") = "CK.AspNet.Tester", "CK.AspNet.Tester\CK.AspNet.Tester.csproj", "{87577DD0-98DF-4109-9B4B-4D24385071D0}"
EndProject
Project("{9A19103F-16F7-4668-BE54-9A1E7A4F7556}") = "CK.AspNet", "CK.AspNet\CK.AspNet.csproj", "{4780D989-B430-427E-96F3-2E16BB687523}"
EndProject
Project("{9A19103F-16F7-4668-BE54-9A1E7A4F7556}") = "CK.AspNet.Tester.Tests", "Tests\CK.AspNet.Tester.Tests\CK.AspNet.Tester.Tests.csproj", "{29BB9615-4CA6-4FE7-9D83-E1A2375E596D}"
EndProject
Project("{9A19103F-16F7-4668-BE54-9A1E7A4F7556}") = "CK.DB.AspNet", "CK.DB.AspNet\CK.DB.AspNet.csproj", "{538EC8DB-EF75-41E5-BEBA-09C787AEC57A}"
EndProject
Project("{FAE04EC0-301F-11D3-BF4B-00C04F79EFBC}") = "CodeCakeBuilder", "CodeCakeBuilder\CodeCakeBuilder.csproj", "{FD4817B6-3CD7-4E74-AA10-7CA95FDFCF2D}"
EndProject
Global
	GlobalSection(SolutionConfigurationPlatforms) = preSolution
		Debug|Any CPU = Debug|Any CPU
		Release|Any CPU = Release|Any CPU
	EndGlobalSection
	GlobalSection(ProjectConfigurationPlatforms) = postSolution
		{87577DD0-98DF-4109-9B4B-4D24385071D0}.Debug|Any CPU.ActiveCfg = Debug|Any CPU
		{87577DD0-98DF-4109-9B4B-4D24385071D0}.Debug|Any CPU.Build.0 = Debug|Any CPU
		{87577DD0-98DF-4109-9B4B-4D24385071D0}.Release|Any CPU.ActiveCfg = Release|Any CPU
		{87577DD0-98DF-4109-9B4B-4D24385071D0}.Release|Any CPU.Build.0 = Release|Any CPU
		{4780D989-B430-427E-96F3-2E16BB687523}.Debug|Any CPU.ActiveCfg = Debug|Any CPU
		{4780D989-B430-427E-96F3-2E16BB687523}.Debug|Any CPU.Build.0 = Debug|Any CPU
		{4780D989-B430-427E-96F3-2E16BB687523}.Release|Any CPU.ActiveCfg = Release|Any CPU
		{4780D989-B430-427E-96F3-2E16BB687523}.Release|Any CPU.Build.0 = Release|Any CPU
		{29BB9615-4CA6-4FE7-9D83-E1A2375E596D}.Debug|Any CPU.ActiveCfg = Debug|Any CPU
		{29BB9615-4CA6-4FE7-9D83-E1A2375E596D}.Debug|Any CPU.Build.0 = Debug|Any CPU
		{29BB9615-4CA6-4FE7-9D83-E1A2375E596D}.Release|Any CPU.ActiveCfg = Release|Any CPU
		{29BB9615-4CA6-4FE7-9D83-E1A2375E596D}.Release|Any CPU.Build.0 = Release|Any CPU
		{538EC8DB-EF75-41E5-BEBA-09C787AEC57A}.Debug|Any CPU.ActiveCfg = Debug|Any CPU
		{538EC8DB-EF75-41E5-BEBA-09C787AEC57A}.Debug|Any CPU.Build.0 = Debug|Any CPU
		{538EC8DB-EF75-41E5-BEBA-09C787AEC57A}.Release|Any CPU.ActiveCfg = Release|Any CPU
		{538EC8DB-EF75-41E5-BEBA-09C787AEC57A}.Release|Any CPU.Build.0 = Release|Any CPU
		{FD4817B6-3CD7-4E74-AA10-7CA95FDFCF2D}.Debug|Any CPU.ActiveCfg = Debug|Any CPU
		{FD4817B6-3CD7-4E74-AA10-7CA95FDFCF2D}.Debug|Any CPU.Build.0 = Debug|Any CPU
		{FD4817B6-3CD7-4E74-AA10-7CA95FDFCF2D}.Release|Any CPU.ActiveCfg = Release|Any CPU
		{FD4817B6-3CD7-4E74-AA10-7CA95FDFCF2D}.Release|Any CPU.Build.0 = Release|Any CPU
	EndGlobalSection
	GlobalSection(SolutionProperties) = preSolution
		HideSolutionNode = FALSE
	EndGlobalSection
	GlobalSection(NestedProjects) = preSolution
		{29BB9615-4CA6-4FE7-9D83-E1A2375E596D} = {1A7E3E39-6483-4802-8B27-C4D245D35D09}
	EndGlobalSection
	GlobalSection(ExtensibilityGlobals) = postSolution
		SolutionGuid = {39625DF9-0D4A-49B5-83F8-14557B157E88}
	EndGlobalSection
EndGlobal
